
Microsoft Visual Studio Solution File, Format Version 12.00
# Visual Studio 15
VisualStudioVersion = 15.0.28010.2016
MinimumVisualStudioVersion = 10.0.40219.1
Project("{888888A0-9F3D-457C-B088-3A5042F75D52}") = "py01", "py01\py01.pyproj", "{E023148D-29A5-490C-A05F-DA8C1879C612}"
EndProject
Global
	GlobalSection(SolutionConfigurationPlatforms) = preSolution
		Debug|Any CPU = Debug|Any CPU
		Release|Any CPU = Release|Any CPU
	EndGlobalSection
	GlobalSection(ProjectConfigurationPlatforms) = postSolution
		{E023148D-29A5-490C-A05F-DA8C1879C612}.Debug|Any CPU.ActiveCfg = Debug|Any CPU
		{E023148D-29A5-490C-A05F-DA8C1879C612}.Release|Any CPU.ActiveCfg = Release|Any CPU
	EndGlobalSection
	GlobalSection(SolutionProperties) = preSolution
		HideSolutionNode = FALSE
	EndGlobalSection
	GlobalSection(ExtensibilityGlobals) = postSolution
		SolutionGuid = {CEE6C643-AE3E-481E-BC72-1A57D4C3F0B2}
	EndGlobalSection
EndGlobal
